
Microsoft Visual Studio Solution File, Format Version 12.00
# Visual Studio Version 16
VisualStudioVersion = 16.0.30717.126
MinimumVisualStudioVersion = 10.0.40219.1
Project("{9A19103F-16F7-4668-BE54-9A1E7A4F7556}") = "1000", "1000\1000.csproj", "{BA96F8AD-654F-4C98-895E-8BD575CB590D}"
EndProject
Project("{9A19103F-16F7-4668-BE54-9A1E7A4F7556}") = "1001", "1001\1001.csproj", "{72117553-A623-4497-AADA-761B61045C8A}"
EndProject
Project("{9A19103F-16F7-4668-BE54-9A1E7A4F7556}") = "1002", "1002\1002.csproj", "{19003E88-772B-4244-AE47-C559718A4080}"
EndProject
Project("{9A19103F-16F7-4668-BE54-9A1E7A4F7556}") = "1003", "1003\1003.csproj", "{27DB59AF-7FED-4AC2-BE19-8D271773AF13}"
EndProject
Project("{9A19103F-16F7-4668-BE54-9A1E7A4F7556}") = "1004", "1004\1004.csproj", "{785D123F-5DBD-42FE-B4B3-8D15CE75C24E}"
EndProject
Project("{9A19103F-16F7-4668-BE54-9A1E7A4F7556}") = "1005", "1005\1005.csproj", "{298458E3-76BD-4121-BBD6-8FE12649437F}"
EndProject
Project("{9A19103F-16F7-4668-BE54-9A1E7A4F7556}") = "1006", "1006\1006.csproj", "{4801F37E-44D2-47D4-81D6-7C4EF9382817}"
EndProject
Project("{9A19103F-16F7-4668-BE54-9A1E7A4F7556}") = "1007", "1007\1007.csproj", "{D95258E1-7B4B-4240-B9BC-DC232356C763}"
EndProject
Project("{9A19103F-16F7-4668-BE54-9A1E7A4F7556}") = "1008", "1008\1008.csproj", "{DE3D7D95-8ADC-4DB2-8AFE-A53251E145DF}"
EndProject
Project("{9A19103F-16F7-4668-BE54-9A1E7A4F7556}") = "1009", "1009\1009.csproj", "{0852367B-B5B7-44A8-A596-8E004B6C322A}"
EndProject
Project("{9A19103F-16F7-4668-BE54-9A1E7A4F7556}") = "1010", "1010\1010.csproj", "{9015CF36-14AB-4054-B316-065753B51FB0}"
EndProject
Project("{9A19103F-16F7-4668-BE54-9A1E7A4F7556}") = "1011", "1011\1011.csproj", "{2D12FFE7-7FA1-4A94-9E99-49E0D5326C24}"
EndProject
Project("{9A19103F-16F7-4668-BE54-9A1E7A4F7556}") = "1012", "1012\1012.csproj", "{79635F92-66EC-44FB-A11C-B084CD9C7013}"
EndProject
Project("{9A19103F-16F7-4668-BE54-9A1E7A4F7556}") = "1013", "1013\1013.csproj", "{A59379CE-1023-4D75-85E1-3937F7A98B01}"
EndProject
Project("{9A19103F-16F7-4668-BE54-9A1E7A4F7556}") = "1014", "1014\1014.csproj", "{BB755F5F-5215-40D1-B74C-26D9C47DE0B6}"
EndProject
Project("{9A19103F-16F7-4668-BE54-9A1E7A4F7556}") = "1015", "1015\1015.csproj", "{0A1AEEF0-343A-428E-861B-1C8044F9AFED}"
EndProject
Project("{9A19103F-16F7-4668-BE54-9A1E7A4F7556}") = "1016", "1016\1016.csproj", "{63CB6EC7-5BE3-4E2B-AAB0-1567A1E1491C}"
EndProject
Project("{9A19103F-16F7-4668-BE54-9A1E7A4F7556}") = "1017", "1017\1017.csproj", "{45E86D4F-43B3-4DD6-A6DB-A2C8BC110126}"
EndProject
Project("{9A19103F-16F7-4668-BE54-9A1E7A4F7556}") = "1018", "1018\1018.csproj", "{A01672B5-7203-4333-A072-6CA24C036043}"
EndProject
Project("{9A19103F-16F7-4668-BE54-9A1E7A4F7556}") = "1019", "1019\1019.csproj", "{27A27920-E056-4FE1-B1D9-700DA23E6953}"
EndProject
Project("{9A19103F-16F7-4668-BE54-9A1E7A4F7556}") = "1020", "1020\1020.csproj", "{AAAA1E28-1F7D-4ECD-8E60-922CDA25ED17}"
EndProject
Project("{9A19103F-16F7-4668-BE54-9A1E7A4F7556}") = "1021", "1021\1021.csproj", "{B97DAD25-36DF-4549-A472-1F7788BD810A}"
EndProject
Project("{9A19103F-16F7-4668-BE54-9A1E7A4F7556}") = "1035", "1035\1035.csproj", "{F77AD896-6039-4647-B79B-7602FC08B891}"
EndProject
Project("{9A19103F-16F7-4668-BE54-9A1E7A4F7556}") = "1036", "1036\1036.csproj", "{9D8434A4-7EED-4C93-B922-612654E87BD4}"
EndProject
Project("{9A19103F-16F7-4668-BE54-9A1E7A4F7556}") = "1037", "1037\1037.csproj", "{6CD02AF8-84FF-4D6E-B575-EB686146372C}"
EndProject
Project("{FAE04EC0-301F-11D3-BF4B-00C04F79EFBC}") = "1038", "1038\1038.csproj", "{82CD340C-ABE0-4ECB-B486-B8DC7CDDA500}"
EndProject
Project("{FAE04EC0-301F-11D3-BF4B-00C04F79EFBC}") = "1041", "1041\1041.csproj", "{34F47E44-9800-4D03-9EE3-A2A06BFC8621}"
EndProject
Project("{FAE04EC0-301F-11D3-BF4B-00C04F79EFBC}") = "1043", "1043\1043.csproj", "{675BED1C-0C3B-4B54-8687-FFBBC22F481A}"
EndProject
Project("{FAE04EC0-301F-11D3-BF4B-00C04F79EFBC}") = "1116", "1116\1116.csproj", "{3C541C74-23D8-4D91-BF4B-DCFD13A2F440}"
EndProject
Project("{FAE04EC0-301F-11D3-BF4B-00C04F79EFBC}") = "2936", "2936\2936.csproj", "{B120FEB9-24BD-4223-A3AE-F8E7752081C9}"
EndProject
Global
	GlobalSection(SolutionConfigurationPlatforms) = preSolution
		Debug|Any CPU = Debug|Any CPU
		Release|Any CPU = Release|Any CPU
	EndGlobalSection
	GlobalSection(ProjectConfigurationPlatforms) = postSolution
		{BA96F8AD-654F-4C98-895E-8BD575CB590D}.Debug|Any CPU.ActiveCfg = Debug|Any CPU
		{BA96F8AD-654F-4C98-895E-8BD575CB590D}.Debug|Any CPU.Build.0 = Debug|Any CPU
		{BA96F8AD-654F-4C98-895E-8BD575CB590D}.Release|Any CPU.ActiveCfg = Release|Any CPU
		{BA96F8AD-654F-4C98-895E-8BD575CB590D}.Release|Any CPU.Build.0 = Release|Any CPU
		{72117553-A623-4497-AADA-761B61045C8A}.Debug|Any CPU.ActiveCfg = Debug|Any CPU
		{72117553-A623-4497-AADA-761B61045C8A}.Debug|Any CPU.Build.0 = Debug|Any CPU
		{72117553-A623-4497-AADA-761B61045C8A}.Release|Any CPU.ActiveCfg = Release|Any CPU
		{72117553-A623-4497-AADA-761B61045C8A}.Release|Any CPU.Build.0 = Release|Any CPU
		{19003E88-772B-4244-AE47-C559718A4080}.Debug|Any CPU.ActiveCfg = Debug|Any CPU
		{19003E88-772B-4244-AE47-C559718A4080}.Debug|Any CPU.Build.0 = Debug|Any CPU
		{19003E88-772B-4244-AE47-C559718A4080}.Release|Any CPU.ActiveCfg = Release|Any CPU
		{19003E88-772B-4244-AE47-C559718A4080}.Release|Any CPU.Build.0 = Release|Any CPU
		{27DB59AF-7FED-4AC2-BE19-8D271773AF13}.Debug|Any CPU.ActiveCfg = Debug|Any CPU
		{27DB59AF-7FED-4AC2-BE19-8D271773AF13}.Debug|Any CPU.Build.0 = Debug|Any CPU
		{27DB59AF-7FED-4AC2-BE19-8D271773AF13}.Release|Any CPU.ActiveCfg = Release|Any CPU
		{27DB59AF-7FED-4AC2-BE19-8D271773AF13}.Release|Any CPU.Build.0 = Release|Any CPU
		{785D123F-5DBD-42FE-B4B3-8D15CE75C24E}.Debug|Any CPU.ActiveCfg = Debug|Any CPU
		{785D123F-5DBD-42FE-B4B3-8D15CE75C24E}.Debug|Any CPU.Build.0 = Debug|Any CPU
		{785D123F-5DBD-42FE-B4B3-8D15CE75C24E}.Release|Any CPU.ActiveCfg = Release|Any CPU
		{785D123F-5DBD-42FE-B4B3-8D15CE75C24E}.Release|Any CPU.Build.0 = Release|Any CPU
		{298458E3-76BD-4121-BBD6-8FE12649437F}.Debug|Any CPU.ActiveCfg = Debug|Any CPU
		{298458E3-76BD-4121-BBD6-8FE12649437F}.Debug|Any CPU.Build.0 = Debug|Any CPU
		{298458E3-76BD-4121-BBD6-8FE12649437F}.Release|Any CPU.ActiveCfg = Release|Any CPU
		{298458E3-76BD-4121-BBD6-8FE12649437F}.Release|Any CPU.Build.0 = Release|Any CPU
		{4801F37E-44D2-47D4-81D6-7C4EF9382817}.Debug|Any CPU.ActiveCfg = Debug|Any CPU
		{4801F37E-44D2-47D4-81D6-7C4EF9382817}.Debug|Any CPU.Build.0 = Debug|Any CPU
		{4801F37E-44D2-47D4-81D6-7C4EF9382817}.Release|Any CPU.ActiveCfg = Release|Any CPU
		{4801F37E-44D2-47D4-81D6-7C4EF9382817}.Release|Any CPU.Build.0 = Release|Any CPU
		{D95258E1-7B4B-4240-B9BC-DC232356C763}.Debug|Any CPU.ActiveCfg = Debug|Any CPU
		{D95258E1-7B4B-4240-B9BC-DC232356C763}.Debug|Any CPU.Build.0 = Debug|Any CPU
		{D95258E1-7B4B-4240-B9BC-DC232356C763}.Release|Any CPU.ActiveCfg = Release|Any CPU
		{D95258E1-7B4B-4240-B9BC-DC232356C763}.Release|Any CPU.Build.0 = Release|Any CPU
		{DE3D7D95-8ADC-4DB2-8AFE-A53251E145DF}.Debug|Any CPU.ActiveCfg = Debug|Any CPU
		{DE3D7D95-8ADC-4DB2-8AFE-A53251E145DF}.Debug|Any CPU.Build.0 = Debug|Any CPU
		{DE3D7D95-8ADC-4DB2-8AFE-A53251E145DF}.Release|Any CPU.ActiveCfg = Release|Any CPU
		{DE3D7D95-8ADC-4DB2-8AFE-A53251E145DF}.Release|Any CPU.Build.0 = Release|Any CPU
		{0852367B-B5B7-44A8-A596-8E004B6C322A}.Debug|Any CPU.ActiveCfg = Debug|Any CPU
		{0852367B-B5B7-44A8-A596-8E004B6C322A}.Debug|Any CPU.Build.0 = Debug|Any CPU
		{0852367B-B5B7-44A8-A596-8E004B6C322A}.Release|Any CPU.ActiveCfg = Release|Any CPU
		{0852367B-B5B7-44A8-A596-8E004B6C322A}.Release|Any CPU.Build.0 = Release|Any CPU
		{9015CF36-14AB-4054-B316-065753B51FB0}.Debug|Any CPU.ActiveCfg = Debug|Any CPU
		{9015CF36-14AB-4054-B316-065753B51FB0}.Debug|Any CPU.Build.0 = Debug|Any CPU
		{9015CF36-14AB-4054-B316-065753B51FB0}.Release|Any CPU.ActiveCfg = Release|Any CPU
		{9015CF36-14AB-4054-B316-065753B51FB0}.Release|Any CPU.Build.0 = Release|Any CPU
		{2D12FFE7-7FA1-4A94-9E99-49E0D5326C24}.Debug|Any CPU.ActiveCfg = Debug|Any CPU
		{2D12FFE7-7FA1-4A94-9E99-49E0D5326C24}.Debug|Any CPU.Build.0 = Debug|Any CPU
		{2D12FFE7-7FA1-4A94-9E99-49E0D5326C24}.Release|Any CPU.ActiveCfg = Release|Any CPU
		{2D12FFE7-7FA1-4A94-9E99-49E0D5326C24}.Release|Any CPU.Build.0 = Release|Any CPU
		{79635F92-66EC-44FB-A11C-B084CD9C7013}.Debug|Any CPU.ActiveCfg = Debug|Any CPU
		{79635F92-66EC-44FB-A11C-B084CD9C7013}.Debug|Any CPU.Build.0 = Debug|Any CPU
		{79635F92-66EC-44FB-A11C-B084CD9C7013}.Release|Any CPU.ActiveCfg = Release|Any CPU
		{79635F92-66EC-44FB-A11C-B084CD9C7013}.Release|Any CPU.Build.0 = Release|Any CPU
		{A59379CE-1023-4D75-85E1-3937F7A98B01}.Debug|Any CPU.ActiveCfg = Debug|Any CPU
		{A59379CE-1023-4D75-85E1-3937F7A98B01}.Debug|Any CPU.Build.0 = Debug|Any CPU
		{A59379CE-1023-4D75-85E1-3937F7A98B01}.Release|Any CPU.ActiveCfg = Release|Any CPU
		{A59379CE-1023-4D75-85E1-3937F7A98B01}.Release|Any CPU.Build.0 = Release|Any CPU
		{BB755F5F-5215-40D1-B74C-26D9C47DE0B6}.Debug|Any CPU.ActiveCfg = Debug|Any CPU
		{BB755F5F-5215-40D1-B74C-26D9C47DE0B6}.Debug|Any CPU.Build.0 = Debug|Any CPU
		{BB755F5F-5215-40D1-B74C-26D9C47DE0B6}.Release|Any CPU.ActiveCfg = Release|Any CPU
		{BB755F5F-5215-40D1-B74C-26D9C47DE0B6}.Release|Any CPU.Build.0 = Release|Any CPU
		{0A1AEEF0-343A-428E-861B-1C8044F9AFED}.Debug|Any CPU.ActiveCfg = Debug|Any CPU
		{0A1AEEF0-343A-428E-861B-1C8044F9AFED}.Debug|Any CPU.Build.0 = Debug|Any CPU
		{0A1AEEF0-343A-428E-861B-1C8044F9AFED}.Release|Any CPU.ActiveCfg = Release|Any CPU
		{0A1AEEF0-343A-428E-861B-1C8044F9AFED}.Release|Any CPU.Build.0 = Release|Any CPU
		{63CB6EC7-5BE3-4E2B-AAB0-1567A1E1491C}.Debug|Any CPU.ActiveCfg = Debug|Any CPU
		{63CB6EC7-5BE3-4E2B-AAB0-1567A1E1491C}.Debug|Any CPU.Build.0 = Debug|Any CPU
		{63CB6EC7-5BE3-4E2B-AAB0-1567A1E1491C}.Release|Any CPU.ActiveCfg = Release|Any CPU
		{63CB6EC7-5BE3-4E2B-AAB0-1567A1E1491C}.Release|Any CPU.Build.0 = Release|Any CPU
		{45E86D4F-43B3-4DD6-A6DB-A2C8BC110126}.Debug|Any CPU.ActiveCfg = Debug|Any CPU
		{45E86D4F-43B3-4DD6-A6DB-A2C8BC110126}.Debug|Any CPU.Build.0 = Debug|Any CPU
		{45E86D4F-43B3-4DD6-A6DB-A2C8BC110126}.Release|Any CPU.ActiveCfg = Release|Any CPU
		{45E86D4F-43B3-4DD6-A6DB-A2C8BC110126}.Release|Any CPU.Build.0 = Release|Any CPU
		{A01672B5-7203-4333-A072-6CA24C036043}.Debug|Any CPU.ActiveCfg = Debug|Any CPU
		{A01672B5-7203-4333-A072-6CA24C036043}.Debug|Any CPU.Build.0 = Debug|Any CPU
		{A01672B5-7203-4333-A072-6CA24C036043}.Release|Any CPU.ActiveCfg = Release|Any CPU
		{A01672B5-7203-4333-A072-6CA24C036043}.Release|Any CPU.Build.0 = Release|Any CPU
		{27A27920-E056-4FE1-B1D9-700DA23E6953}.Debug|Any CPU.ActiveCfg = Debug|Any CPU
		{27A27920-E056-4FE1-B1D9-700DA23E6953}.Debug|Any CPU.Build.0 = Debug|Any CPU
		{27A27920-E056-4FE1-B1D9-700DA23E6953}.Release|Any CPU.ActiveCfg = Release|Any CPU
		{27A27920-E056-4FE1-B1D9-700DA23E6953}.Release|Any CPU.Build.0 = Release|Any CPU
		{AAAA1E28-1F7D-4ECD-8E60-922CDA25ED17}.Debug|Any CPU.ActiveCfg = Debug|Any CPU
		{AAAA1E28-1F7D-4ECD-8E60-922CDA25ED17}.Debug|Any CPU.Build.0 = Debug|Any CPU
		{AAAA1E28-1F7D-4ECD-8E60-922CDA25ED17}.Release|Any CPU.ActiveCfg = Release|Any CPU
		{AAAA1E28-1F7D-4ECD-8E60-922CDA25ED17}.Release|Any CPU.Build.0 = Release|Any CPU
		{B97DAD25-36DF-4549-A472-1F7788BD810A}.Debug|Any CPU.ActiveCfg = Debug|Any CPU
		{B97DAD25-36DF-4549-A472-1F7788BD810A}.Debug|Any CPU.Build.0 = Debug|Any CPU
		{B97DAD25-36DF-4549-A472-1F7788BD810A}.Release|Any CPU.ActiveCfg = Release|Any CPU
		{B97DAD25-36DF-4549-A472-1F7788BD810A}.Release|Any CPU.Build.0 = Release|Any CPU
		{F77AD896-6039-4647-B79B-7602FC08B891}.Debug|Any CPU.ActiveCfg = Debug|Any CPU
		{F77AD896-6039-4647-B79B-7602FC08B891}.Debug|Any CPU.Build.0 = Debug|Any CPU
		{F77AD896-6039-4647-B79B-7602FC08B891}.Release|Any CPU.ActiveCfg = Release|Any CPU
		{F77AD896-6039-4647-B79B-7602FC08B891}.Release|Any CPU.Build.0 = Release|Any CPU
		{9D8434A4-7EED-4C93-B922-612654E87BD4}.Debug|Any CPU.ActiveCfg = Debug|Any CPU
		{9D8434A4-7EED-4C93-B922-612654E87BD4}.Debug|Any CPU.Build.0 = Debug|Any CPU
		{9D8434A4-7EED-4C93-B922-612654E87BD4}.Release|Any CPU.ActiveCfg = Release|Any CPU
		{9D8434A4-7EED-4C93-B922-612654E87BD4}.Release|Any CPU.Build.0 = Release|Any CPU
		{6CD02AF8-84FF-4D6E-B575-EB686146372C}.Debug|Any CPU.ActiveCfg = Debug|Any CPU
		{6CD02AF8-84FF-4D6E-B575-EB686146372C}.Debug|Any CPU.Build.0 = Debug|Any CPU
		{6CD02AF8-84FF-4D6E-B575-EB686146372C}.Release|Any CPU.ActiveCfg = Release|Any CPU
		{6CD02AF8-84FF-4D6E-B575-EB686146372C}.Release|Any CPU.Build.0 = Release|Any CPU
		{82CD340C-ABE0-4ECB-B486-B8DC7CDDA500}.Debug|Any CPU.ActiveCfg = Debug|Any CPU
		{82CD340C-ABE0-4ECB-B486-B8DC7CDDA500}.Debug|Any CPU.Build.0 = Debug|Any CPU
		{82CD340C-ABE0-4ECB-B486-B8DC7CDDA500}.Release|Any CPU.ActiveCfg = Release|Any CPU
		{82CD340C-ABE0-4ECB-B486-B8DC7CDDA500}.Release|Any CPU.Build.0 = Release|Any CPU
		{34F47E44-9800-4D03-9EE3-A2A06BFC8621}.Debug|Any CPU.ActiveCfg = Debug|Any CPU
		{34F47E44-9800-4D03-9EE3-A2A06BFC8621}.Debug|Any CPU.Build.0 = Debug|Any CPU
		{34F47E44-9800-4D03-9EE3-A2A06BFC8621}.Release|Any CPU.ActiveCfg = Release|Any CPU
		{34F47E44-9800-4D03-9EE3-A2A06BFC8621}.Release|Any CPU.Build.0 = Release|Any CPU
		{675BED1C-0C3B-4B54-8687-FFBBC22F481A}.Debug|Any CPU.ActiveCfg = Debug|Any CPU
		{675BED1C-0C3B-4B54-8687-FFBBC22F481A}.Debug|Any CPU.Build.0 = Debug|Any CPU
		{675BED1C-0C3B-4B54-8687-FFBBC22F481A}.Release|Any CPU.ActiveCfg = Release|Any CPU
		{675BED1C-0C3B-4B54-8687-FFBBC22F481A}.Release|Any CPU.Build.0 = Release|Any CPU
		{3C541C74-23D8-4D91-BF4B-DCFD13A2F440}.Debug|Any CPU.ActiveCfg = Debug|Any CPU
		{3C541C74-23D8-4D91-BF4B-DCFD13A2F440}.Debug|Any CPU.Build.0 = Debug|Any CPU
		{3C541C74-23D8-4D91-BF4B-DCFD13A2F440}.Release|Any CPU.ActiveCfg = Release|Any CPU
		{3C541C74-23D8-4D91-BF4B-DCFD13A2F440}.Release|Any CPU.Build.0 = Release|Any CPU
		{B120FEB9-24BD-4223-A3AE-F8E7752081C9}.Debug|Any CPU.ActiveCfg = Debug|Any CPU
		{B120FEB9-24BD-4223-A3AE-F8E7752081C9}.Debug|Any CPU.Build.0 = Debug|Any CPU
		{B120FEB9-24BD-4223-A3AE-F8E7752081C9}.Release|Any CPU.ActiveCfg = Release|Any CPU
		{B120FEB9-24BD-4223-A3AE-F8E7752081C9}.Release|Any CPU.Build.0 = Release|Any CPU
	EndGlobalSection
	GlobalSection(SolutionProperties) = preSolution
		HideSolutionNode = FALSE
	EndGlobalSection
	GlobalSection(ExtensibilityGlobals) = postSolution
		SolutionGuid = {DD1255F4-811B-4891-B934-726D5B9CE365}
	EndGlobalSection
EndGlobal
